
Microsoft Visual Studio Solution File, Format Version 12.00
# Visual Studio Version 17
VisualStudioVersion = 17.7.34018.315
MinimumVisualStudioVersion = 10.0.40219.1
Project("{FAE04EC0-301F-11D3-BF4B-00C04F79EFBC}") = "BlazorEcommerce.Server", "BlazorEcommerce\Server\BlazorEcommerce.Server.csproj", "{A7BC2C61-1D30-4C21-A056-CFB720B4AA73}"
EndProject
Project("{FAE04EC0-301F-11D3-BF4B-00C04F79EFBC}") = "BlazorEcommerce.Client", "BlazorEcommerce\Client\BlazorEcommerce.Client.csproj", "{4E9C6527-2648-45FD-AA33-2F5EE91EE6ED}"
EndProject
Project("{FAE04EC0-301F-11D3-BF4B-00C04F79EFBC}") = "BlazorEcommerce.Shared", "BlazorEcommerce\Shared\BlazorEcommerce.Shared.csproj", "{7A412E9D-2C3C-4FDA-8D68-25EB7187AA73}"
EndProject
Global
	GlobalSection(SolutionConfigurationPlatforms) = preSolution
		Debug|Any CPU = Debug|Any CPU
		Release|Any CPU = Release|Any CPU
	EndGlobalSection
	GlobalSection(ProjectConfigurationPlatforms) = postSolution
		{A7BC2C61-1D30-4C21-A056-CFB720B4AA73}.Debug|Any CPU.ActiveCfg = Debug|Any CPU
		{A7BC2C61-1D30-4C21-A056-CFB720B4AA73}.Debug|Any CPU.Build.0 = Debug|Any CPU
		{A7BC2C61-1D30-4C21-A056-CFB720B4AA73}.Release|Any CPU.ActiveCfg = Release|Any CPU
		{A7BC2C61-1D30-4C21-A056-CFB720B4AA73}.Release|Any CPU.Build.0 = Release|Any CPU
		{4E9C6527-2648-45FD-AA33-2F5EE91EE6ED}.Debug|Any CPU.ActiveCfg = Debug|Any CPU
		{4E9C6527-2648-45FD-AA33-2F5EE91EE6ED}.Debug|Any CPU.Build.0 = Debug|Any CPU
		{4E9C6527-2648-45FD-AA33-2F5EE91EE6ED}.Release|Any CPU.ActiveCfg = Release|Any CPU
		{4E9C6527-2648-45FD-AA33-2F5EE91EE6ED}.Release|Any CPU.Build.0 = Release|Any CPU
		{7A412E9D-2C3C-4FDA-8D68-25EB7187AA73}.Debug|Any CPU.ActiveCfg = Debug|Any CPU
		{7A412E9D-2C3C-4FDA-8D68-25EB7187AA73}.Debug|Any CPU.Build.0 = Debug|Any CPU
		{7A412E9D-2C3C-4FDA-8D68-25EB7187AA73}.Release|Any CPU.ActiveCfg = Release|Any CPU
		{7A412E9D-2C3C-4FDA-8D68-25EB7187AA73}.Release|Any CPU.Build.0 = Release|Any CPU
	EndGlobalSection
	GlobalSection(SolutionProperties) = preSolution
		HideSolutionNode = FALSE
	EndGlobalSection
	GlobalSection(ExtensibilityGlobals) = postSolution
		SolutionGuid = {D049EECC-DBB5-4E1E-8995-ED6A4790B9DC}
	EndGlobalSection
EndGlobal
